{
  "nodes": {
    "argpp": {
      "inputs": {
        "flake-utils": [
          "flake-utils"
        ],
        "nixpkgs": [
          "nixpkgs"
        ],
        "tinycmmc": [
          "tinycmmc"
        ]
      },
      "locked": {
        "lastModified": 1763577316,
        "narHash": "sha256-jG+a4K6NoyF41nTlWwN1J2my2nnqdiVO+fhQ9PHhdR4=",
        "owner": "grumbel",
        "repo": "argpp",
        "rev": "b52420a843327361713b6242e47afaa6b6ab2a89",
        "type": "github"
      },
      "original": {
        "owner": "grumbel",
        "ref": "stable",
        "repo": "argpp",
        "type": "github"
      }
    },
    "flake-utils": {
      "inputs": {
        "systems": "systems"
      },
      "locked": {
        "lastModified": 1731533236,
        "narHash": "sha256-l0KFg5HjrsfsO/JpG+r7fRrqm12kzFHyUHqHCVpMMbI=",
        "owner": "numtide",
        "repo": "flake-utils",
        "rev": "11707dc2f618dd54ca8739b309ec4fc024de578b",
        "type": "github"
      },
      "original": {
        "owner": "numtide",
        "repo": "flake-utils",
        "type": "github"
      }
    },
    "logmich": {
      "inputs": {
        "nixpkgs": [
          "nixpkgs"
        ],
        "tinycmmc": [
          "tinycmmc"
        ]
      },
      "locked": {
        "lastModified": 1763578800,
        "narHash": "sha256-mnqKS+m/m/zwlOpse3+QnP54fgaXR9/8FW+FDq/MKlo=",
        "owner": "logmich",
        "repo": "logmich",
        "rev": "f69ccb6b8963d995eeb886f60e8c30b2742d596e",
        "type": "github"
      },
      "original": {
        "owner": "logmich",
        "repo": "logmich",
        "type": "github"
      }
    },
    "nixpkgs": {
      "locked": {
        "lastModified": 1763966396,
        "narHash": "sha256-6eeL1YPcY1MV3DDStIDIdy/zZCDKgHdkCmsrLJFiZf0=",
        "owner": "NixOS",
        "repo": "nixpkgs",
        "rev": "5ae3b07d8d6527c42f17c876e404993199144b6a",
        "type": "github"
      },
      "original": {
        "owner": "NixOS",
        "ref": "nixos-unstable",
        "repo": "nixpkgs",
        "type": "github"
      }
    },
    "root": {
      "inputs": {
        "argpp": "argpp",
        "flake-utils": "flake-utils",
        "logmich": "logmich",
        "nixpkgs": "nixpkgs",
        "strutcpp": "strutcpp",
        "tinycmmc": "tinycmmc",
        "uinpp": "uinpp",
        "unsebu": "unsebu",
        "yaini": "yaini"
      }
    },
    "strutcpp": {
      "inputs": {
        "nixpkgs": [
          "nixpkgs"
        ],
        "tinycmmc": [
          "tinycmmc"
        ]
      },
      "locked": {
        "lastModified": 1763577479,
        "narHash": "sha256-zdlglWgTTdEGT5fzdoH/iDk9T2m6FjHWsfVbMC+2xRo=",
        "owner": "grumbel",
        "repo": "strutcpp",
        "rev": "04b3bf106b67a2870c2dc3d9ba843e375a834983",
        "type": "github"
      },
      "original": {
        "owner": "grumbel",
        "repo": "strutcpp",
        "type": "github"
      }
    },
    "systems": {
      "locked": {
        "lastModified": 1681028828,
        "narHash": "sha256-Vy1rq5AaRuLzOxct8nz4T6wlgyUR7zLU309k9mBC768=",
        "owner": "nix-systems",
        "repo": "default",
        "rev": "da67096a3b9bf56a91d16901293e51ba5b49a27e",
        "type": "github"
      },
      "original": {
        "owner": "nix-systems",
        "repo": "default",
        "type": "github"
      }
    },
    "tinycmmc": {
      "inputs": {
        "flake-utils": [
          "flake-utils"
        ],
        "nixpkgs": [
          "nixpkgs"
        ]
      },
      "locked": {
        "lastModified": 1763256011,
        "narHash": "sha256-CpQWAHdeLUYd28cT9heG05p6RX9WF7QslqNHoBi931E=",
        "owner": "grumbel",
        "repo": "tinycmmc",
        "rev": "2e007ba059a4991c011a7193c9d7df28826c9adc",
        "type": "github"
      },
      "original": {
        "owner": "grumbel",
        "repo": "tinycmmc",
        "type": "github"
      }
    },
    "uinpp": {
      "inputs": {
        "flake-utils": [
          "flake-utils"
        ],
        "logmich": [
          "logmich"
        ],
        "nixpkgs": [
          "nixpkgs"
        ],
        "strutcpp": [
          "strutcpp"
        ],
        "tinycmmc": [
          "tinycmmc"
        ]
      },
      "locked": {
        "lastModified": 1763252056,
        "narHash": "sha256-PyGJy3ybs6iwKC/Q3QlrNovi9enZ8fz0IfYjoof+F6Q=",
        "owner": "grumbel",
        "repo": "uinpp",
        "rev": "9b7baf73433fa67043bb4eafbb969dc57fe0d843",
        "type": "github"
      },
      "original": {
        "owner": "grumbel",
        "repo": "uinpp",
        "type": "github"
      }
    },
    "unsebu": {
      "inputs": {
        "flake-utils": [
          "flake-utils"
        ],
        "logmich": [
          "logmich"
        ],
        "nixpkgs": [
          "nixpkgs"
        ],
        "tinycmmc": [
          "tinycmmc"
        ]
      },
      "locked": {
        "lastModified": 1763258975,
        "narHash": "sha256-LZsIh130n6//NwM1lQgUZDH15RuU7DEWvy1yoRXo55A=",
        "owner": "grumbel",
        "repo": "unsebu",
        "rev": "ed5788e9f48345c071ea77197b04cfffa8c3fe77",
        "type": "github"
      },
      "original": {
        "owner": "grumbel",
        "repo": "unsebu",
        "type": "github"
      }
    },
    "yaini": {
      "inputs": {
        "flake-utils": [
          "flake-utils"
        ],
        "nixpkgs": [
          "nixpkgs"
        ],
        "tinycmmc": [
          "tinycmmc"
        ]
      },
      "locked": {
        "lastModified": 1763251987,
        "narHash": "sha256-2eJzaBO1H7n3NSmNc9svDyjiYpanP+AtSVWCYDTycTY=",
        "owner": "grumbel",
        "repo": "yaini",
        "rev": "34bb32a097007f0c5332666562fdb4c56002b9b3",
        "type": "github"
      },
      "original": {
        "owner": "grumbel",
        "repo": "yaini",
        "type": "github"
      }
    }
  },
  "root": "root",
  "version": 7
}
