{
  "nodes": {
    "argparser": {
      "inputs": {
        "flake-utils": [
          "flake-utils"
        ],
        "nixpkgs": [
          "nixpkgs"
        ],
        "tinycmmc": "tinycmmc"
      },
      "locked": {
        "lastModified": 1647119910,
        "narHash": "sha256-ljvsHTP8ZMVtOJmBm1T3yqswTf+A7wZteFftVwnkxrs=",
        "owner": "argparser",
        "repo": "argparser",
        "rev": "2979328108f6ca44aa1227cf0fc9f5931aa819a3",
        "type": "gitlab"
      },
      "original": {
        "owner": "argparser",
        "ref": "stable",
        "repo": "argparser",
        "type": "gitlab"
      }
    },
    "flake-utils": {
      "locked": {
        "lastModified": 1652776076,
        "narHash": "sha256-gzTw/v1vj4dOVbpBSJX4J0DwUR6LIyXo7/SuuTJp1kM=",
        "owner": "numtide",
        "repo": "flake-utils",
        "rev": "04c1b180862888302ddfb2e3ad9eaa63afc60cf8",
        "type": "github"
      },
      "original": {
        "owner": "numtide",
        "repo": "flake-utils",
        "type": "github"
      }
    },
    "logmich": {
      "inputs": {
        "flake-utils": [
          "flake-utils"
        ],
        "nixpkgs": [
          "nixpkgs"
        ],
        "tinycmmc": [
          "tinycmmc"
        ]
      },
      "locked": {
        "lastModified": 1647108752,
        "narHash": "sha256-l2jWi0/mNVMqXQF3THQPEa9+EubkEW5HXvg2untN4/I=",
        "owner": "logmich",
        "repo": "logmich",
        "rev": "41b8edfd97c2a0834f210bbebe75050f6e336d6f",
        "type": "gitlab"
      },
      "original": {
        "owner": "logmich",
        "repo": "logmich",
        "type": "gitlab"
      }
    },
    "nixpkgs": {
      "locked": {
        "lastModified": 1653087707,
        "narHash": "sha256-zfno3snrzZTWQ2B7K53QHrGZwrjnJLTRPalymrSsziU=",
        "owner": "NixOS",
        "repo": "nixpkgs",
        "rev": "cbd40c72b2603ab54e7208f99f9b35fc158bc009",
        "type": "github"
      },
      "original": {
        "owner": "NixOS",
        "ref": "nixos-21.11",
        "repo": "nixpkgs",
        "type": "github"
      }
    },
    "root": {
      "inputs": {
        "argparser": "argparser",
        "flake-utils": "flake-utils",
        "logmich": "logmich",
        "nixpkgs": "nixpkgs",
        "strutcpp": "strutcpp",
        "tinycmmc": "tinycmmc_2",
        "uinpp": "uinpp"
      }
    },
    "strutcpp": {
      "inputs": {
        "flake-utils": [
          "flake-utils"
        ],
        "nixpkgs": [
          "nixpkgs"
        ],
        "tinycmmc": [
          "tinycmmc"
        ]
      },
      "locked": {
        "lastModified": 1645977297,
        "narHash": "sha256-s5RhiA721UlNU6s00gJw/gE/4h0mpjZYlZPNJumi5i8=",
        "owner": "grumbel",
        "repo": "strutcpp",
        "rev": "c304d0cef635445e4ee71d7a427e8f74d1f994e8",
        "type": "gitlab"
      },
      "original": {
        "owner": "grumbel",
        "repo": "strutcpp",
        "type": "gitlab"
      }
    },
    "tinycmmc": {
      "inputs": {
        "flake-utils": [
          "argparser",
          "flake-utils"
        ],
        "nixpkgs": [
          "argparser",
          "nixpkgs"
        ]
      },
      "locked": {
        "lastModified": 1647094963,
        "narHash": "sha256-8FzS0dq3yvzWxO5vjTC5B7xJIflAdVIunQXNpvrq0fM=",
        "owner": "grumbel",
        "repo": "cmake-modules",
        "rev": "84c8ed49605d46d58e6a5dd4e3427a5aa2f32a17",
        "type": "gitlab"
      },
      "original": {
        "owner": "grumbel",
        "repo": "cmake-modules",
        "type": "gitlab"
      }
    },
    "tinycmmc_2": {
      "inputs": {
        "flake-utils": [
          "flake-utils"
        ],
        "nixpkgs": [
          "nixpkgs"
        ]
      },
      "locked": {
        "lastModified": 1651061750,
        "narHash": "sha256-UHX7IFAcb8dmcZj5W9YE+y5/p7TY2U3o1re84xgM27c=",
        "owner": "grumbel",
        "repo": "cmake-modules",
        "rev": "820041251099f94d107de9a2f16fd23154621cbc",
        "type": "gitlab"
      },
      "original": {
        "owner": "grumbel",
        "repo": "cmake-modules",
        "type": "gitlab"
      }
    },
    "uinpp": {
      "inputs": {
        "flake-utils": [
          "flake-utils"
        ],
        "logmich": [
          "logmich"
        ],
        "nixpkgs": [
          "nixpkgs"
        ],
        "strutcpp": [
          "strutcpp"
        ],
        "tinycmmc": [
          "tinycmmc"
        ]
      },
      "locked": {
        "lastModified": 1653307368,
        "narHash": "sha256-aGN4UTETQdZVR2k6xv/uKi1yn9mXIVmCK9bhm18CxyE=",
        "owner": "Grumbel",
        "repo": "uinpp",
        "rev": "fbb21e50caa984d13cca119180889ef493cc8bd5",
        "type": "gitlab"
      },
      "original": {
        "owner": "Grumbel",
        "repo": "uinpp",
        "type": "gitlab"
      }
    }
  },
  "root": "root",
  "version": 7
}
