{
  "nodes": {
    "argpp": {
      "inputs": {
        "flake-utils": [
          "flake-utils"
        ],
        "nixpkgs": [
          "nixpkgs"
        ],
        "tinycmmc": [
          "tinycmmc"
        ]
      },
      "locked": {
        "lastModified": 1653992550,
        "narHash": "sha256-o2IQ8GCUvcDUkqpJ97rqHsBUhgIVrmCNnhigJ93HUzo=",
        "owner": "grumbel",
        "repo": "argpp",
        "rev": "1aa11ef9e51779c5588eaef57c2e6ae290fdcd03",
        "type": "github"
      },
      "original": {
        "owner": "grumbel",
        "ref": "stable",
        "repo": "argpp",
        "type": "github"
      }
    },
    "flake-utils": {
      "locked": {
        "lastModified": 1653893745,
        "narHash": "sha256-0jntwV3Z8//YwuOjzhV2sgJJPt+HY6KhU7VZUL0fKZQ=",
        "owner": "numtide",
        "repo": "flake-utils",
        "rev": "1ed9fb1935d260de5fe1c2f7ee0ebaae17ed2fa1",
        "type": "github"
      },
      "original": {
        "owner": "numtide",
        "repo": "flake-utils",
        "type": "github"
      }
    },
    "logmich": {
      "inputs": {
        "flake-utils": [
          "flake-utils"
        ],
        "nixpkgs": [
          "nixpkgs"
        ],
        "tinycmmc": [
          "tinycmmc"
        ]
      },
      "locked": {
        "lastModified": 1653991001,
        "narHash": "sha256-JWlI7nJykeXPkeq4zdUOvcScMnp386UW3tyRQgkxMtk=",
        "owner": "logmich",
        "repo": "logmich",
        "rev": "866b33191bc9378191519b0342ebb1da66142ac2",
        "type": "github"
      },
      "original": {
        "owner": "logmich",
        "repo": "logmich",
        "type": "github"
      }
    },
    "nixpkgs": {
      "locked": {
        "lastModified": 1653920503,
        "narHash": "sha256-BBeCZwZImtjP3oYy4WogkQYy5OxNyfNciVSc1AfZgLQ=",
        "owner": "NixOS",
        "repo": "nixpkgs",
        "rev": "a634c8f6c1fbf9b9730e01764999666f3436f10a",
        "type": "github"
      },
      "original": {
        "owner": "NixOS",
        "ref": "nixos-22.05",
        "repo": "nixpkgs",
        "type": "github"
      }
    },
    "root": {
      "inputs": {
        "argpp": "argpp",
        "flake-utils": "flake-utils",
        "logmich": "logmich",
        "nixpkgs": "nixpkgs",
        "strutcpp": "strutcpp",
        "tinycmmc": "tinycmmc",
        "uinpp": "uinpp",
        "yaini": "yaini"
      }
    },
    "strutcpp": {
      "inputs": {
        "flake-utils": [
          "flake-utils"
        ],
        "nixpkgs": [
          "nixpkgs"
        ],
        "tinycmmc": [
          "tinycmmc"
        ]
      },
      "locked": {
        "lastModified": 1653990684,
        "narHash": "sha256-ZZrbYtM2xmmYnoNIlrVxr2HMsoCBZu08X4iccYfTcwg=",
        "owner": "grumbel",
        "repo": "strutcpp",
        "rev": "a5293e7f9a9bb74a6cb4af7720750193ebe8a989",
        "type": "github"
      },
      "original": {
        "owner": "grumbel",
        "repo": "strutcpp",
        "type": "github"
      }
    },
    "tinycmmc": {
      "inputs": {
        "flake-utils": [
          "flake-utils"
        ],
        "nixpkgs": [
          "nixpkgs"
        ]
      },
      "locked": {
        "lastModified": 1653988067,
        "narHash": "sha256-UCp9cp8VFU/O4HERCBcSqnaBLQboSmEwDrD7F6FsIxo=",
        "owner": "grumbel",
        "repo": "tinycmmc",
        "rev": "ad3e98dbc86157cce04e60343965970cb812e92e",
        "type": "github"
      },
      "original": {
        "owner": "grumbel",
        "repo": "tinycmmc",
        "type": "github"
      }
    },
    "uinpp": {
      "inputs": {
        "flake-utils": [
          "flake-utils"
        ],
        "logmich": [
          "logmich"
        ],
        "nixpkgs": [
          "nixpkgs"
        ],
        "strutcpp": [
          "strutcpp"
        ],
        "tinycmmc": [
          "tinycmmc"
        ]
      },
      "locked": {
        "lastModified": 1653991369,
        "narHash": "sha256-uaHo/OSXQOPO1Bly3YS6/dwOL5lkjPKngB0841HoIhY=",
        "owner": "Grumbel",
        "repo": "uinpp",
        "rev": "e9e26697273b6993ef4007bde1427ca9c1ae7b12",
        "type": "github"
      },
      "original": {
        "owner": "Grumbel",
        "repo": "uinpp",
        "type": "github"
      }
    },
    "yaini": {
      "inputs": {
        "flake-utils": [
          "flake-utils"
        ],
        "nixpkgs": [
          "nixpkgs"
        ],
        "tinycmmc": [
          "tinycmmc"
        ]
      },
      "locked": {
        "lastModified": 1653392994,
        "narHash": "sha256-1VaHRHInUSQ19JEh8mfC4Ju92UADqMR+jMOzJzFDuzM=",
        "owner": "Grumbel",
        "repo": "yaini",
        "rev": "797a11fa296b638920ec924bc9d0ef5919bc25a3",
        "type": "github"
      },
      "original": {
        "owner": "Grumbel",
        "repo": "yaini",
        "type": "github"
      }
    }
  },
  "root": "root",
  "version": 7
}
